// !$*UTF8*$!
{
	archiveVersion = 1;
	classes = {
	};
	objectVersion = 77;
	objects = {

/* Begin PBXBuildFile section */
		DB2F5E9A2D952112004653A1 /* aipayiOSLibrary.xcframework in Frameworks */ = {isa = PBXBuildFile; fileRef = DB2F5E982D9520FE004653A1 /* aipayiOSLibrary.xcframework */; };
		DB2F5E9B2D952112004653A1 /* aipayiOSLibrary.xcframework in Embed Frameworks */ = {isa = PBXBuildFile; fileRef = DB2F5E982D9520FE004653A1 /* aipayiOSLibrary.xcframework */; settings = {ATTRIBUTES = (CodeSignOnCopy, RemoveHeadersOnCopy, ); }; };
/* End PBXBuildFile section */

/* Begin PBXContainerItemProxy section */
		DB2F5E7B2D952014004653A1 /* PBXContainerItemProxy */ = {
			isa = PBXContainerItemProxy;
			containerPortal = DB2F5E5C2D952012004653A1 /* Project object */;
			proxyType = 1;
			remoteGlobalIDString = DB2F5E632D952012004653A1;
			remoteInfo = iosAipaySDKDemo;
		};
		DB2F5E852D952014004653A1 /* PBXContainerItemProxy */ = {
			isa = PBXContainerItemProxy;
			containerPortal = DB2F5E5C2D952012004653A1 /* Project object */;
			proxyType = 1;
			remoteGlobalIDString = DB2F5E632D952012004653A1;
			remoteInfo = iosAipaySDKDemo;
		};
/* End PBXContainerItemProxy section */

/* Begin PBXCopyFilesBuildPhase section */
		DB2F5E9C2D952112004653A1 /* Embed Frameworks */ = {
			isa = PBXCopyFilesBuildPhase;
			buildActionMask = 2147483647;
			dstPath = "";
			dstSubfolderSpec = 10;
			files = (
				DB2F5E9B2D952112004653A1 /* aipayiOSLibrary.xcframework in Embed Frameworks */,
			);
			name = "Embed Frameworks";
			runOnlyForDeploymentPostprocessing = 0;
		};
/* End PBXCopyFilesBuildPhase section */

/* Begin PBXFileReference section */
		DB2F5E642D952012004653A1 /* iosAipaySDKDemo.app */ = {isa = PBXFileReference; explicitFileType = wrapper.application; includeInIndex = 0; path = iosAipaySDKDemo.app; sourceTree = BUILT_PRODUCTS_DIR; };
		DB2F5E7A2D952014004653A1 /* iosAipaySDKDemoTests.xctest */ = {isa = PBXFileReference; explicitFileType = wrapper.cfbundle; includeInIndex = 0; path = iosAipaySDKDemoTests.xctest; sourceTree = BUILT_PRODUCTS_DIR; };
		DB2F5E842D952014004653A1 /* iosAipaySDKDemoUITests.xctest */ = {isa = PBXFileReference; explicitFileType = wrapper.cfbundle; includeInIndex = 0; path = iosAipaySDKDemoUITests.xctest; sourceTree = BUILT_PRODUCTS_DIR; };
		DB2F5E982D9520FE004653A1 /* aipayiOSLibrary.xcframework */ = {isa = PBXFileReference; lastKnownFileType = wrapper.xcframework; path = aipayiOSLibrary.xcframework; sourceTree = "<group>"; };
/* End PBXFileReference section */

/* Begin PBXFileSystemSynchronizedBuildFileExceptionSet section */
		DB2F5E8C2D952014004653A1 /* Exceptions for "iosAipaySDKDemo" folder in "iosAipaySDKDemo" target */ = {
			isa = PBXFileSystemSynchronizedBuildFileExceptionSet;
			membershipExceptions = (
				Info.plist,
			);
			target = DB2F5E632D952012004653A1 /* iosAipaySDKDemo */;
		};
/* End PBXFileSystemSynchronizedBuildFileExceptionSet section */

/* Begin PBXFileSystemSynchronizedRootGroup section */
		DB2F5E662D952012004653A1 /* iosAipaySDKDemo */ = {
			isa = PBXFileSystemSynchronizedRootGroup;
			exceptions = (
				DB2F5E8C2D952014004653A1 /* Exceptions for "iosAipaySDKDemo" folder in "iosAipaySDKDemo" target */,
			);
			path = iosAipaySDKDemo;
			sourceTree = "<group>";
		};
		DB2F5E7D2D952014004653A1 /* iosAipaySDKDemoTests */ = {
			isa = PBXFileSystemSynchronizedRootGroup;
			path = iosAipaySDKDemoTests;
			sourceTree = "<group>";
		};
		DB2F5E872D952014004653A1 /* iosAipaySDKDemoUITests */ = {
			isa = PBXFileSystemSynchronizedRootGroup;
			path = iosAipaySDKDemoUITests;
			sourceTree = "<group>";
		};
/* End PBXFileSystemSynchronizedRootGroup section */

/* Begin PBXFrameworksBuildPhase section */
		DB2F5E612D952012004653A1 /* Frameworks */ = {
			isa = PBXFrameworksBuildPhase;
			buildActionMask = 2147483647;
			files = (
				DB2F5E9A2D952112004653A1 /* aipayiOSLibrary.xcframework in Frameworks */,
			);
			runOnlyForDeploymentPostprocessing = 0;
		};
		DB2F5E772D952014004653A1 /* Frameworks */ = {
			isa = PBXFrameworksBuildPhase;
			buildActionMask = 2147483647;
			files = (
			);
			runOnlyForDeploymentPostprocessing = 0;
		};
		DB2F5E812D952014004653A1 /* Frameworks */ = {
			isa = PBXFrameworksBuildPhase;
			buildActionMask = 2147483647;
			files = (
			);
			runOnlyForDeploymentPostprocessing = 0;
		};
/* End PBXFrameworksBuildPhase section */

/* Begin PBXGroup section */
		DB2F5E5B2D952012004653A1 = {
			isa = PBXGroup;
			children = (
				DB2F5E982D9520FE004653A1 /* aipayiOSLibrary.xcframework */,
				DB2F5E662D952012004653A1 /* iosAipaySDKDemo */,
				DB2F5E7D2D952014004653A1 /* iosAipaySDKDemoTests */,
				DB2F5E872D952014004653A1 /* iosAipaySDKDemoUITests */,
				DB2F5E652D952012004653A1 /* Products */,
			);
			sourceTree = "<group>";
		};
		DB2F5E652D952012004653A1 /* Products */ = {
			isa = PBXGroup;
			children = (
				DB2F5E642D952012004653A1 /* iosAipaySDKDemo.app */,
				DB2F5E7A2D952014004653A1 /* iosAipaySDKDemoTests.xctest */,
				DB2F5E842D952014004653A1 /* iosAipaySDKDemoUITests.xctest */,
			);
			name = Products;
			sourceTree = "<group>";
		};
/* End PBXGroup section */

/* Begin PBXNativeTarget section */
		DB2F5E632D952012004653A1 /* iosAipaySDKDemo */ = {
			isa = PBXNativeTarget;
			buildConfigurationList = DB2F5E8D2D952014004653A1 /* Build configuration list for PBXNativeTarget "iosAipaySDKDemo" */;
			buildPhases = (
				DB2F5E602D952012004653A1 /* Sources */,
				DB2F5E612D952012004653A1 /* Frameworks */,
				DB2F5E622D952012004653A1 /* Resources */,
				DB2F5E9C2D952112004653A1 /* Embed Frameworks */,
			);
			buildRules = (
			);
			dependencies = (
			);
			fileSystemSynchronizedGroups = (
				DB2F5E662D952012004653A1 /* iosAipaySDKDemo */,
			);
			name = iosAipaySDKDemo;
			packageProductDependencies = (
			);
			productName = iosAipaySDKDemo;
			productReference = DB2F5E642D952012004653A1 /* iosAipaySDKDemo.app */;
			productType = "com.apple.product-type.application";
		};
		DB2F5E792D952014004653A1 /* iosAipaySDKDemoTests */ = {
			isa = PBXNativeTarget;
			buildConfigurationList = DB2F5E922D952014004653A1 /* Build configuration list for PBXNativeTarget "iosAipaySDKDemoTests" */;
			buildPhases = (
				DB2F5E762D952014004653A1 /* Sources */,
				DB2F5E772D952014004653A1 /* Frameworks */,
				DB2F5E782D952014004653A1 /* Resources */,
			);
			buildRules = (
			);
			dependencies = (
				DB2F5E7C2D952014004653A1 /* PBXTargetDependency */,
			);
			fileSystemSynchronizedGroups = (
				DB2F5E7D2D952014004653A1 /* iosAipaySDKDemoTests */,
			);
			name = iosAipaySDKDemoTests;
			packageProductDependencies = (
			);
			productName = iosAipaySDKDemoTests;
			productReference = DB2F5E7A2D952014004653A1 /* iosAipaySDKDemoTests.xctest */;
			productType = "com.apple.product-type.bundle.unit-test";
		};
		DB2F5E832D952014004653A1 /* iosAipaySDKDemoUITests */ = {
			isa = PBXNativeTarget;
			buildConfigurationList = DB2F5E952D952014004653A1 /* Build configuration list for PBXNativeTarget "iosAipaySDKDemoUITests" */;
			buildPhases = (
				DB2F5E802D952014004653A1 /* Sources */,
				DB2F5E812D952014004653A1 /* Frameworks */,
				DB2F5E822D952014004653A1 /* Resources */,
			);
			buildRules = (
			);
			dependencies = (
				DB2F5E862D952014004653A1 /* PBXTargetDependency */,
			);
			fileSystemSynchronizedGroups = (
				DB2F5E872D952014004653A1 /* iosAipaySDKDemoUITests */,
			);
			name = iosAipaySDKDemoUITests;
			packageProductDependencies = (
			);
			productName = iosAipaySDKDemoUITests;
			productReference = DB2F5E842D952014004653A1 /* iosAipaySDKDemoUITests.xctest */;
			productType = "com.apple.product-type.bundle.ui-testing";
		};
/* End PBXNativeTarget section */

/* Begin PBXProject section */
		DB2F5E5C2D952012004653A1 /* Project object */ = {
			isa = PBXProject;
			attributes = {
				BuildIndependentTargetsInParallel = 1;
				LastSwiftUpdateCheck = 1620;
				LastUpgradeCheck = 1620;
				TargetAttributes = {
					DB2F5E632D952012004653A1 = {
						CreatedOnToolsVersion = 16.2;
					};
					DB2F5E792D952014004653A1 = {
						CreatedOnToolsVersion = 16.2;
						TestTargetID = DB2F5E632D952012004653A1;
					};
					DB2F5E832D952014004653A1 = {
						CreatedOnToolsVersion = 16.2;
						TestTargetID = DB2F5E632D952012004653A1;
					};
				};
			};
			buildConfigurationList = DB2F5E5F2D952012004653A1 /* Build configuration list for PBXProject "iosAipaySDKDemo" */;
			developmentRegion = en;
			hasScannedForEncodings = 0;
			knownRegions = (
				en,
				Base,
			);
			mainGroup = DB2F5E5B2D952012004653A1;
			minimizedProjectReferenceProxies = 1;
			preferredProjectObjectVersion = 77;
			productRefGroup = DB2F5E652D952012004653A1 /* Products */;
			projectDirPath = "";
			projectRoot = "";
			targets = (
				DB2F5E632D952012004653A1 /* iosAipaySDKDemo */,
				DB2F5E792D952014004653A1 /* iosAipaySDKDemoTests */,
				DB2F5E832D952014004653A1 /* iosAipaySDKDemoUITests */,
			);
		};
/* End PBXProject section */

/* Begin PBXResourcesBuildPhase section */
		DB2F5E622D952012004653A1 /* Resources */ = {
			isa = PBXResourcesBuildPhase;
			buildActionMask = 2147483647;
			files = (
			);
			runOnlyForDeploymentPostprocessing = 0;
		};
		DB2F5E782D952014004653A1 /* Resources */ = {
			isa = PBXResourcesBuildPhase;
			buildActionMask = 2147483647;
			files = (
			);
			runOnlyForDeploymentPostprocessing = 0;
		};
		DB2F5E822D952014004653A1 /* Resources */ = {
			isa = PBXResourcesBuildPhase;
			buildActionMask = 2147483647;
			files = (
			);
			runOnlyForDeploymentPostprocessing = 0;
		};
/* End PBXResourcesBuildPhase section */

/* Begin PBXSourcesBuildPhase section */
		DB2F5E602D952012004653A1 /* Sources */ = {
			isa = PBXSourcesBuildPhase;
			buildActionMask = 2147483647;
			files = (
			);
			runOnlyForDeploymentPostprocessing = 0;
		};
		DB2F5E762D952014004653A1 /* Sources */ = {
			isa = PBXSourcesBuildPhase;
			buildActionMask = 2147483647;
			files = (
			);
			runOnlyForDeploymentPostprocessing = 0;
		};
		DB2F5E802D952014004653A1 /* Sources */ = {
			isa = PBXSourcesBuildPhase;
			buildActionMask = 2147483647;
			files = (
			);
			runOnlyForDeploymentPostprocessing = 0;
		};
/* End PBXSourcesBuildPhase section */

/* Begin PBXTargetDependency section */
		DB2F5E7C2D952014004653A1 /* PBXTargetDependency */ = {
			isa = PBXTargetDependency;
			target = DB2F5E632D952012004653A1 /* iosAipaySDKDemo */;
			targetProxy = DB2F5E7B2D952014004653A1 /* PBXContainerItemProxy */;
		};
		DB2F5E862D952014004653A1 /* PBXTargetDependency */ = {
			isa = PBXTargetDependency;
			target = DB2F5E632D952012004653A1 /* iosAipaySDKDemo */;
			targetProxy = DB2F5E852D952014004653A1 /* PBXContainerItemProxy */;
		};
/* End PBXTargetDependency section */

/* Begin XCBuildConfiguration section */
		DB2F5E8E2D952014004653A1 /* Debug */ = {
			isa = XCBuildConfiguration;
			buildSettings = {
				ASSETCATALOG_COMPILER_APPICON_NAME = AppIcon;
				ASSETCATALOG_COMPILER_GLOBAL_ACCENT_COLOR_NAME = AccentColor;
				CODE_SIGN_STYLE = Automatic;
				CURRENT_PROJECT_VERSION = 1;
				DEVELOPMENT_TEAM = QC58GRY242;
				GENERATE_INFOPLIST_FILE = YES;
				INFOPLIST_FILE = iosAipaySDKDemo/Info.plist;
				INFOPLIST_KEY_UIApplicationSupportsIndirectInputEvents = YES;
				INFOPLIST_KEY_UILaunchStoryboardName = LaunchScreen;
				INFOPLIST_KEY_UIMainStoryboardFile = Main;
				INFOPLIST_KEY_UISupportedInterfaceOrientations_iPad = "UIInterfaceOrientationPortrait UIInterfaceOrientationPortraitUpsideDown UIInterfaceOrientationLandscapeLeft UIInterfaceOrientationLandscapeRight";
				INFOPLIST_KEY_UISupportedInterfaceOrientations_iPhone = "UIInterfaceOrientationPortrait UIInterfaceOrientationLandscapeLeft UIInterfaceOrientationLandscapeRight";
				LD_RUNPATH_SEARCH_PATHS = (
					"$(inherited)",
					"@executable_path/Frameworks",
				);
				MARKETING_VERSION = 1.0;
				PRODUCT_BUNDLE_IDENTIFIER = com.ndps.dev.iosAipaySDKDemo;
				PRODUCT_NAME = "$(TARGET_NAME)";
				SWIFT_EMIT_LOC_STRINGS = YES;
				SWIFT_VERSION = 5.0;
				TARGETED_DEVICE_FAMILY = "1,2";
			};
			name = Debug;
		};
		DB2F5E8F2D952014004653A1 /* Release */ = {
			isa = XCBuildConfiguration;
			buildSettings = {
				ASSETCATALOG_COMPILER_APPICON_NAME = AppIcon;
				ASSETCATALOG_COMPILER_GLOBAL_ACCENT_COLOR_NAME = AccentColor;
				CODE_SIGN_STYLE = Automatic;
				CURRENT_PROJECT_VERSION = 1;
				DEVELOPMENT_TEAM = QC58GRY242;
				GENERATE_INFOPLIST_FILE = YES;
				INFOPLIST_FILE = iosAipaySDKDemo/Info.plist;
				INFOPLIST_KEY_UIApplicationSupportsIndirectInputEvents = YES;
				INFOPLIST_KEY_UILaunchStoryboardName = LaunchScreen;
				INFOPLIST_KEY_UIMainStoryboardFile = Main;
				INFOPLIST_KEY_UISupportedInterfaceOrientations_iPad = "UIInterfaceOrientationPortrait UIInterfaceOrientationPortraitUpsideDown UIInterfaceOrientationLandscapeLeft UIInterfaceOrientationLandscapeRight";
				INFOPLIST_KEY_UISupportedInterfaceOrientations_iPhone = "UIInterfaceOrientationPortrait UIInterfaceOrientationLandscapeLeft UIInterfaceOrientationLandscapeRight";
				LD_RUNPATH_SEARCH_PATHS = (
					"$(inherited)",
					"@executable_path/Frameworks",
				);
				MARKETING_VERSION = 1.0;
				PRODUCT_BUNDLE_IDENTIFIER = com.ndps.dev.iosAipaySDKDemo;
				PRODUCT_NAME = "$(TARGET_NAME)";
				SWIFT_EMIT_LOC_STRINGS = YES;
				SWIFT_VERSION = 5.0;
				TARGETED_DEVICE_FAMILY = "1,2";
			};
			name = Release;
		};
		DB2F5E902D952014004653A1 /* Debug */ = {
			isa = XCBuildConfiguration;
			buildSettings = {
				ALWAYS_SEARCH_USER_PATHS = NO;
				ASSETCATALOG_COMPILER_GENERATE_SWIFT_ASSET_SYMBOL_EXTENSIONS = YES;
				CLANG_ANALYZER_NONNULL = YES;
				CLANG_ANALYZER_NUMBER_OBJECT_CONVERSION = YES_AGGRESSIVE;
				CLANG_CXX_LANGUAGE_STANDARD = "gnu++20";
				CLANG_ENABLE_MODULES = YES;
				CLANG_ENABLE_OBJC_ARC = YES;
				CLANG_ENABLE_OBJC_WEAK = YES;
				CLANG_WARN_BLOCK_CAPTURE_AUTORELEASING = YES;
				CLANG_WARN_BOOL_CONVERSION = YES;
				CLANG_WARN_COMMA = YES;
				CLANG_WARN_CONSTANT_CONVERSION = YES;
				CLANG_WARN_DEPRECATED_OBJC_IMPLEMENTATIONS = YES;
				CLANG_WARN_DIRECT_OBJC_ISA_USAGE = YES_ERROR;
				CLANG_WARN_DOCUMENTATION_COMMENTS = YES;
				CLANG_WARN_EMPTY_BODY = YES;
				CLANG_WARN_ENUM_CONVERSION = YES;
				CLANG_WARN_INFINITE_RECURSION = YES;
				CLANG_WARN_INT_CONVERSION = YES;
				CLANG_WARN_NON_LITERAL_NULL_CONVERSION = YES;
				CLANG_WARN_OBJC_IMPLICIT_RETAIN_SELF = YES;
				CLANG_WARN_OBJC_LITERAL_CONVERSION = YES;
				CLANG_WARN_OBJC_ROOT_CLASS = YES_ERROR;
				CLANG_WARN_QUOTED_INCLUDE_IN_FRAMEWORK_HEADER = YES;
				CLANG_WARN_RANGE_LOOP_ANALYSIS = YES;
				CLANG_WARN_STRICT_PROTOTYPES = YES;
				CLANG_WARN_SUSPICIOUS_MOVE = YES;
				CLANG_WARN_UNGUARDED_AVAILABILITY = YES_AGGRESSIVE;
				CLANG_WARN_UNREACHABLE_CODE = YES;
				CLANG_WARN__DUPLICATE_METHOD_MATCH = YES;
				COPY_PHASE_STRIP = NO;
				DEBUG_INFORMATION_FORMAT = dwarf;
				ENABLE_STRICT_OBJC_MSGSEND = YES;
				ENABLE_TESTABILITY = YES;
				ENABLE_USER_SCRIPT_SANDBOXING = YES;
				GCC_C_LANGUAGE_STANDARD = gnu17;
				GCC_DYNAMIC_NO_PIC = NO;
				GCC_NO_COMMON_BLOCKS = YES;
				GCC_OPTIMIZATION_LEVEL = 0;
				GCC_PREPROCESSOR_DEFINITIONS = (
					"DEBUG=1",
					"$(inherited)",
				);
				GCC_WARN_64_TO_32_BIT_CONVERSION = YES;
				GCC_WARN_ABOUT_RETURN_TYPE = YES_ERROR;
				GCC_WARN_UNDECLARED_SELECTOR = YES;
				GCC_WARN_UNINITIALIZED_AUTOS = YES_AGGRESSIVE;
				GCC_WARN_UNUSED_FUNCTION = YES;
				GCC_WARN_UNUSED_VARIABLE = YES;
				IPHONEOS_DEPLOYMENT_TARGET = 18.2;
				LOCALIZATION_PREFERS_STRING_CATALOGS = YES;
				MTL_ENABLE_DEBUG_INFO = INCLUDE_SOURCE;
				MTL_FAST_MATH = YES;
				ONLY_ACTIVE_ARCH = YES;
				SDKROOT = iphoneos;
				SWIFT_ACTIVE_COMPILATION_CONDITIONS = "DEBUG $(inherited)";
				SWIFT_OPTIMIZATION_LEVEL = "-Onone";
			};
			name = Debug;
		};
		DB2F5E912D952014004653A1 /* Release */ = {
			isa = XCBuildConfiguration;
			buildSettings = {
				ALWAYS_SEARCH_USER_PATHS = NO;
				ASSETCATALOG_COMPILER_GENERATE_SWIFT_ASSET_SYMBOL_EXTENSIONS = YES;
				CLANG_ANALYZER_NONNULL = YES;
				CLANG_ANALYZER_NUMBER_OBJECT_CONVERSION = YES_AGGRESSIVE;
				CLANG_CXX_LANGUAGE_STANDARD = "gnu++20";
				CLANG_ENABLE_MODULES = YES;
				CLANG_ENABLE_OBJC_ARC = YES;
				CLANG_ENABLE_OBJC_WEAK = YES;
				CLANG_WARN_BLOCK_CAPTURE_AUTORELEASING = YES;
				CLANG_WARN_BOOL_CONVERSION = YES;
				CLANG_WARN_COMMA = YES;
				CLANG_WARN_CONSTANT_CONVERSION = YES;
				CLANG_WARN_DEPRECATED_OBJC_IMPLEMENTATIONS = YES;
				CLANG_WARN_DIRECT_OBJC_ISA_USAGE = YES_ERROR;
				CLANG_WARN_DOCUMENTATION_COMMENTS = YES;
				CLANG_WARN_EMPTY_BODY = YES;
				CLANG_WARN_ENUM_CONVERSION = YES;
				CLANG_WARN_INFINITE_RECURSION = YES;
				CLANG_WARN_INT_CONVERSION = YES;
				CLANG_WARN_NON_LITERAL_NULL_CONVERSION = YES;
				CLANG_WARN_OBJC_IMPLICIT_RETAIN_SELF = YES;
				CLANG_WARN_OBJC_LITERAL_CONVERSION = YES;
				CLANG_WARN_OBJC_ROOT_CLASS = YES_ERROR;
				CLANG_WARN_QUOTED_INCLUDE_IN_FRAMEWORK_HEADER = YES;
				CLANG_WARN_RANGE_LOOP_ANALYSIS = YES;
				CLANG_WARN_STRICT_PROTOTYPES = YES;
				CLANG_WARN_SUSPICIOUS_MOVE = YES;
				CLANG_WARN_UNGUARDED_AVAILABILITY = YES_AGGRESSIVE;
				CLANG_WARN_UNREACHABLE_CODE = YES;
				CLANG_WARN__DUPLICATE_METHOD_MATCH = YES;
				COPY_PHASE_STRIP = NO;
				DEBUG_INFORMATION_FORMAT = "dwarf-with-dsym";
				ENABLE_NS_ASSERTIONS = NO;
				ENABLE_STRICT_OBJC_MSGSEND = YES;
				ENABLE_USER_SCRIPT_SANDBOXING = YES;
				GCC_C_LANGUAGE_STANDARD = gnu17;
				GCC_NO_COMMON_BLOCKS = YES;
				GCC_WARN_64_TO_32_BIT_CONVERSION = YES;
				GCC_WARN_ABOUT_RETURN_TYPE = YES_ERROR;
				GCC_WARN_UNDECLARED_SELECTOR = YES;
				GCC_WARN_UNINITIALIZED_AUTOS = YES_AGGRESSIVE;
				GCC_WARN_UNUSED_FUNCTION = YES;
				GCC_WARN_UNUSED_VARIABLE = YES;
				IPHONEOS_DEPLOYMENT_TARGET = 18.2;
				LOCALIZATION_PREFERS_STRING_CATALOGS = YES;
				MTL_ENABLE_DEBUG_INFO = NO;
				MTL_FAST_MATH = YES;
				SDKROOT = iphoneos;
				SWIFT_COMPILATION_MODE = wholemodule;
				VALIDATE_PRODUCT = YES;
			};
			name = Release;
		};
		DB2F5E932D952014004653A1 /* Debug */ = {
			isa = XCBuildConfiguration;
			buildSettings = {
				BUNDLE_LOADER = "$(TEST_HOST)";
				CODE_SIGN_STYLE = Automatic;
				CURRENT_PROJECT_VERSION = 1;
				DEVELOPMENT_TEAM = QC58GRY242;
				GENERATE_INFOPLIST_FILE = YES;
				IPHONEOS_DEPLOYMENT_TARGET = 18.2;
				MARKETING_VERSION = 1.0;
				PRODUCT_BUNDLE_IDENTIFIER = com.ndps.dev.iosAipaySDKDemoTests;
				PRODUCT_NAME = "$(TARGET_NAME)";
				SWIFT_EMIT_LOC_STRINGS = NO;
				SWIFT_VERSION = 5.0;
				TARGETED_DEVICE_FAMILY = "1,2";
				TEST_HOST = "$(BUILT_PRODUCTS_DIR)/iosAipaySDKDemo.app/$(BUNDLE_EXECUTABLE_FOLDER_PATH)/iosAipaySDKDemo";
			};
			name = Debug;
		};
		DB2F5E942D952014004653A1 /* Release */ = {
			isa = XCBuildConfiguration;
			buildSettings = {
				BUNDLE_LOADER = "$(TEST_HOST)";
				CODE_SIGN_STYLE = Automatic;
				CURRENT_PROJECT_VERSION = 1;
				DEVELOPMENT_TEAM = QC58GRY242;
				GENERATE_INFOPLIST_FILE = YES;
				IPHONEOS_DEPLOYMENT_TARGET = 18.2;
				MARKETING_VERSION = 1.0;
				PRODUCT_BUNDLE_IDENTIFIER = com.ndps.dev.iosAipaySDKDemoTests;
				PRODUCT_NAME = "$(TARGET_NAME)";
				SWIFT_EMIT_LOC_STRINGS = NO;
				SWIFT_VERSION = 5.0;
				TARGETED_DEVICE_FAMILY = "1,2";
				TEST_HOST = "$(BUILT_PRODUCTS_DIR)/iosAipaySDKDemo.app/$(BUNDLE_EXECUTABLE_FOLDER_PATH)/iosAipaySDKDemo";
			};
			name = Release;
		};
		DB2F5E962D952014004653A1 /* Debug */ = {
			isa = XCBuildConfiguration;
			buildSettings = {
				CODE_SIGN_STYLE = Automatic;
				CURRENT_PROJECT_VERSION = 1;
				DEVELOPMENT_TEAM = QC58GRY242;
				GENERATE_INFOPLIST_FILE = YES;
				MARKETING_VERSION = 1.0;
				PRODUCT_BUNDLE_IDENTIFIER = com.ndps.dev.iosAipaySDKDemoUITests;
				PRODUCT_NAME = "$(TARGET_NAME)";
				SWIFT_EMIT_LOC_STRINGS = NO;
				SWIFT_VERSION = 5.0;
				TARGETED_DEVICE_FAMILY = "1,2";
				TEST_TARGET_NAME = iosAipaySDKDemo;
			};
			name = Debug;
		};
		DB2F5E972D952014004653A1 /* Release */ = {
			isa = XCBuildConfiguration;
			buildSettings = {
				CODE_SIGN_STYLE = Automatic;
				CURRENT_PROJECT_VERSION = 1;
				DEVELOPMENT_TEAM = QC58GRY242;
				GENERATE_INFOPLIST_FILE = YES;
				MARKETING_VERSION = 1.0;
				PRODUCT_BUNDLE_IDENTIFIER = com.ndps.dev.iosAipaySDKDemoUITests;
				PRODUCT_NAME = "$(TARGET_NAME)";
				SWIFT_EMIT_LOC_STRINGS = NO;
				SWIFT_VERSION = 5.0;
				TARGETED_DEVICE_FAMILY = "1,2";
				TEST_TARGET_NAME = iosAipaySDKDemo;
			};
			name = Release;
		};
/* End XCBuildConfiguration section */

/* Begin XCConfigurationList section */
		DB2F5E5F2D952012004653A1 /* Build configuration list for PBXProject "iosAipaySDKDemo" */ = {
			isa = XCConfigurationList;
			buildConfigurations = (
				DB2F5E902D952014004653A1 /* Debug */,
				DB2F5E912D952014004653A1 /* Release */,
			);
			defaultConfigurationIsVisible = 0;
			defaultConfigurationName = Release;
		};
		DB2F5E8D2D952014004653A1 /* Build configuration list for PBXNativeTarget "iosAipaySDKDemo" */ = {
			isa = XCConfigurationList;
			buildConfigurations = (
				DB2F5E8E2D952014004653A1 /* Debug */,
				DB2F5E8F2D952014004653A1 /* Release */,
			);
			defaultConfigurationIsVisible = 0;
			defaultConfigurationName = Release;
		};
		DB2F5E922D952014004653A1 /* Build configuration list for PBXNativeTarget "iosAipaySDKDemoTests" */ = {
			isa = XCConfigurationList;
			buildConfigurations = (
				DB2F5E932D952014004653A1 /* Debug */,
				DB2F5E942D952014004653A1 /* Release */,
			);
			defaultConfigurationIsVisible = 0;
			defaultConfigurationName = Release;
		};
		DB2F5E952D952014004653A1 /* Build configuration list for PBXNativeTarget "iosAipaySDKDemoUITests" */ = {
			isa = XCConfigurationList;
			buildConfigurations = (
				DB2F5E962D952014004653A1 /* Debug */,
				DB2F5E972D952014004653A1 /* Release */,
			);
			defaultConfigurationIsVisible = 0;
			defaultConfigurationName = Release;
		};
/* End XCConfigurationList section */
	};
	rootObject = DB2F5E5C2D952012004653A1 /* Project object */;
}
